
Microsoft Visual Studio Solution File, Format Version 12.00
# Visual Studio Version 17
VisualStudioVersion = 17.11.35312.102
MinimumVisualStudioVersion = 10.0.40219.1
Project("{FAE04EC0-301F-11D3-BF4B-00C04F79EFBC}") = "LNBT", "LNBT\LNBT.csproj", "{4B27F9A8-B25B-436A-A6BA-4DA4F41B093B}"
EndProject
Global
	GlobalSection(SolutionConfigurationPlatforms) = preSolution
		Debug|Any CPU = Debug|Any CPU
		Release|Any CPU = Release|Any CPU
	EndGlobalSection
	GlobalSection(ProjectConfigurationPlatforms) = postSolution
		{4B27F9A8-B25B-436A-A6BA-4DA4F41B093B}.Debug|Any CPU.ActiveCfg = Debug|Any CPU
		{4B27F9A8-B25B-436A-A6BA-4DA4F41B093B}.Debug|Any CPU.Build.0 = Debug|Any CPU
		{4B27F9A8-B25B-436A-A6BA-4DA4F41B093B}.Release|Any CPU.ActiveCfg = Release|Any CPU
		{4B27F9A8-B25B-436A-A6BA-4DA4F41B093B}.Release|Any CPU.Build.0 = Release|Any CPU
	EndGlobalSection
	GlobalSection(SolutionProperties) = preSolution
		HideSolutionNode = FALSE
	EndGlobalSection
	GlobalSection(ExtensibilityGlobals) = postSolution
		SolutionGuid = {1944AE98-D923-455F-85B6-8BB499A8F30E}
	EndGlobalSection
EndGlobal
